
Microsoft Visual Studio Solution File, Format Version 12.00
# Visual Studio 15
VisualStudioVersion = 15.0.27130.2010
MinimumVisualStudioVersion = 10.0.40219.1
Project("{9A19103F-16F7-4668-BE54-9A1E7A4F7556}") = "NewsAPI", "NewsAPI.csproj", "{B5D00920-504A-43C0-8756-03EFF0C81C8F}"
EndProject
Project("{FAE04EC0-301F-11D3-BF4B-00C04F79EFBC}") = "NewsBot", "..\NewsBot\NewsBot.csproj", "{9C7E3A46-B60F-4052-9A21-DC8D1A942216}"
EndProject
Project("{FAE04EC0-301F-11D3-BF4B-00C04F79EFBC}") = "NewsTests", "..\NewsBot\NewsTests\NewsTests.csproj", "{804234A6-0140-4A36-BC7E-8B0C8E9A5904}"
EndProject
Global
	GlobalSection(SolutionConfigurationPlatforms) = preSolution
		Debug|Any CPU = Debug|Any CPU
		Release|Any CPU = Release|Any CPU
	EndGlobalSection
	GlobalSection(ProjectConfigurationPlatforms) = postSolution
		{B5D00920-504A-43C0-8756-03EFF0C81C8F}.Debug|Any CPU.ActiveCfg = Debug|Any CPU
		{B5D00920-504A-43C0-8756-03EFF0C81C8F}.Debug|Any CPU.Build.0 = Debug|Any CPU
		{B5D00920-504A-43C0-8756-03EFF0C81C8F}.Release|Any CPU.ActiveCfg = Release|Any CPU
		{B5D00920-504A-43C0-8756-03EFF0C81C8F}.Release|Any CPU.Build.0 = Release|Any CPU
		{9C7E3A46-B60F-4052-9A21-DC8D1A942216}.Debug|Any CPU.ActiveCfg = Debug|Any CPU
		{9C7E3A46-B60F-4052-9A21-DC8D1A942216}.Debug|Any CPU.Build.0 = Debug|Any CPU
		{9C7E3A46-B60F-4052-9A21-DC8D1A942216}.Release|Any CPU.ActiveCfg = Release|Any CPU
		{9C7E3A46-B60F-4052-9A21-DC8D1A942216}.Release|Any CPU.Build.0 = Release|Any CPU
		{804234A6-0140-4A36-BC7E-8B0C8E9A5904}.Debug|Any CPU.ActiveCfg = Debug|Any CPU
		{804234A6-0140-4A36-BC7E-8B0C8E9A5904}.Debug|Any CPU.Build.0 = Debug|Any CPU
		{804234A6-0140-4A36-BC7E-8B0C8E9A5904}.Release|Any CPU.ActiveCfg = Release|Any CPU
		{804234A6-0140-4A36-BC7E-8B0C8E9A5904}.Release|Any CPU.Build.0 = Release|Any CPU
	EndGlobalSection
	GlobalSection(SolutionProperties) = preSolution
		HideSolutionNode = FALSE
	EndGlobalSection
	GlobalSection(ExtensibilityGlobals) = postSolution
		SolutionGuid = {1E392CED-775A-43C2-A815-4EA89D66E612}
	EndGlobalSection
EndGlobal
